
Microsoft Visual Studio Solution File, Format Version 12.00
# Visual Studio 15
VisualStudioVersion = 15.0.28307.572
MinimumVisualStudioVersion = 10.0.40219.1
Project("{9A19103F-16F7-4668-BE54-9A1E7A4F7556}") = "DotNetHelper-DeviceInformation", "src\DotNetHelper-DeviceInformation\DotNetHelper-DeviceInformation.csproj", "{7E728FF2-1143-43BE-8123-2AD6FF8FED28}"
EndProject
Global
	GlobalSection(SolutionConfigurationPlatforms) = preSolution
		Debug|Any CPU = Debug|Any CPU
		Release|Any CPU = Release|Any CPU
	EndGlobalSection
	GlobalSection(ProjectConfigurationPlatforms) = postSolution
		{7E728FF2-1143-43BE-8123-2AD6FF8FED28}.Debug|Any CPU.ActiveCfg = Debug|Any CPU
		{7E728FF2-1143-43BE-8123-2AD6FF8FED28}.Debug|Any CPU.Build.0 = Debug|Any CPU
		{7E728FF2-1143-43BE-8123-2AD6FF8FED28}.Release|Any CPU.ActiveCfg = Release|Any CPU
		{7E728FF2-1143-43BE-8123-2AD6FF8FED28}.Release|Any CPU.Build.0 = Release|Any CPU
	EndGlobalSection
	GlobalSection(SolutionProperties) = preSolution
		HideSolutionNode = FALSE
	EndGlobalSection
	GlobalSection(ExtensibilityGlobals) = postSolution
		SolutionGuid = {C9B49BFD-7295-41B5-BB64-E0D2C97D533D}
	EndGlobalSection
EndGlobal
